{
  "name": "quickjs-emscripten-smoketest",
  "version": "1.0.0",
  "lockfileVersion": 1,
  "requires": true,
  "dependencies": {
    "quickjs-emscripten": {
      "version": "file:../../build/quickjs-emscripten.tgz",
      "integrity": "sha512-5rSZvPtSJ3JQwtJwxnioqdTGmWSQRdTSJtHXxrcP9EEpCz7S4kRGXXsV1gWXUjAUxVlN2AvHon0ZqAdOIcbqdA=="
    },
    "typescript": {
      "version": "4.5.5",
      "resolved": "https://registry.npmjs.org/typescript/-/typescript-4.5.5.tgz",
      "integrity": "sha512-TCTIul70LyWe6IJWT8QSYeA54WQe8EjQFU4wY52Fasj5UKx88LNYKCgBEHcOMOrFF1rKGbD8v/xcNWVUq9SymA=="
    }
  }
}
