# THIS IS AN AUTOGENERATED FILE. DO NOT EDIT THIS FILE DIRECTLY.
# yarn lockfile v1


"@babel/code-frame@^7.0.0":
  "version" "7.16.7"
  dependencies:
    "@babel/highlight" "^7.16.7"

"@babel/helper-validator-identifier@^7.16.7":
  "version" "7.16.7"

"@babel/highlight@^7.16.7":
  "version" "7.16.10"
  dependencies:
    "@babel/helper-validator-identifier" "^7.16.7"
    "chalk" "^2.0.0"
    "js-tokens" "^4.0.0"

"@cspotcode/source-map-consumer@0.8.0":
  "version" "0.8.0"

"@cspotcode/source-map-support@0.7.0":
  "version" "0.7.0"
  dependencies:
    "@cspotcode/source-map-consumer" "0.8.0"

"@leichtgewicht/ip-codec@^2.0.1":
  "version" "2.0.3"

"@sindresorhus/is@^0.14.0":
  "version" "0.14.0"

"@szmarczak/http-timer@^1.1.2":
  "version" "1.1.2"
  dependencies:
    "defer-to-connect" "^1.0.1"

"@tsconfig/node10@^1.0.7":
  "version" "1.0.8"

"@tsconfig/node12@^1.0.7":
  "version" "1.0.9"

"@tsconfig/node14@^1.0.0":
  "version" "1.0.1"

"@tsconfig/node16@^1.0.2":
  "version" "1.0.2"

"@types/emscripten@^1.38.0":
  "version" "1.38.0"

"@types/fs-extra@^9.0.13":
  "version" "9.0.13"
  dependencies:
    "@types/node" "*"

"@types/minimist@^1.2.0":
  "version" "1.2.2"

"@types/mocha@^5.2.7":
  "version" "5.2.7"

"@types/node@*":
  "version" "17.0.21"

"@types/node@^13.1.4":
  "version" "13.1.4"

"@types/normalize-package-data@^2.4.0":
  "version" "2.4.1"

"acorn-walk@^8.1.1":
  "version" "8.2.0"

"acorn@^8.4.1":
  "version" "8.7.0"

"aggregate-error@^3.0.0":
  "version" "3.1.0"
  dependencies:
    "clean-stack" "^2.0.0"
    "indent-string" "^4.0.0"

"analyze-deps@^2.0.0":
  "version" "2.0.0"
  dependencies:
    "lodash.mapvalues" "^4.6.0"
    "package-json" "^2.4.0"
    "promise-all" "^1.0.0"
    "semver" "^5.3.0"

"ansi-colors@3.2.3":
  "version" "3.2.3"

"ansi-escapes@^4.1.0":
  "version" "4.3.2"
  dependencies:
    "type-fest" "^0.21.3"

"ansi-regex@^3.0.0":
  "version" "3.0.0"

"ansi-regex@^4.1.0":
  "version" "4.1.0"

"ansi-styles@^3.2.0", "ansi-styles@^3.2.1":
  "version" "3.2.1"
  dependencies:
    "color-convert" "^1.9.0"

"ansi-styles@^4.1.0":
  "version" "4.3.0"
  dependencies:
    "color-convert" "^2.0.1"

"anymatch@^2.0.0":
  "version" "2.0.0"
  dependencies:
    "micromatch" "^3.1.4"
    "normalize-path" "^2.1.1"

"anymatch@~3.1.1":
  "version" "3.1.1"
  dependencies:
    "normalize-path" "^3.0.0"
    "picomatch" "^2.0.4"

"app-path@^3.2.0":
  "version" "3.3.0"
  dependencies:
    "execa" "^1.0.0"

"arg@^4.1.0":
  "version" "4.1.2"

"argparse@^1.0.7":
  "version" "1.0.10"
  dependencies:
    "sprintf-js" "~1.0.2"

"arr-diff@^4.0.0":
  "version" "4.0.0"

"arr-flatten@^1.1.0":
  "version" "1.1.0"

"arr-union@^3.1.0":
  "version" "3.1.0"

"array-unique@^0.3.2":
  "version" "0.3.2"

"arrify@^1.0.1":
  "version" "1.0.1"

"assign-symbols@^1.0.0":
  "version" "1.0.0"

"async-each@^1.0.1":
  "version" "1.0.3"

"async-limiter@~1.0.0":
  "version" "1.0.1"

"atob@^2.1.2":
  "version" "2.1.2"

"balanced-match@^1.0.0":
  "version" "1.0.0"

"balanced-pairs@^1.1.2":
  "version" "1.1.2"
  dependencies:
    "point-in-polygon" "^1.0.1"
    "super-split" "^1.1.0"

"base@^0.11.1":
  "version" "0.11.2"
  dependencies:
    "cache-base" "^1.0.1"
    "class-utils" "^0.3.5"
    "component-emitter" "^1.2.1"
    "define-property" "^1.0.0"
    "isobject" "^3.0.1"
    "mixin-deep" "^1.2.0"
    "pascalcase" "^0.1.1"

"base64-js@^1.5.1":
  "version" "1.5.1"

"binary-extensions@^1.0.0":
  "version" "1.13.1"

"binary-extensions@^2.0.0":
  "version" "2.0.0"

"bindings@^1.5.0":
  "version" "1.5.0"
  dependencies:
    "file-uri-to-path" "1.0.0"

"bluebird@^3.7.2":
  "version" "3.7.2"

"brace-expansion@^1.1.7":
  "version" "1.1.11"
  dependencies:
    "balanced-match" "^1.0.0"
    "concat-map" "0.0.1"

"braces@^2.3.1", "braces@^2.3.2":
  "version" "2.3.2"
  dependencies:
    "arr-flatten" "^1.1.0"
    "array-unique" "^0.3.2"
    "extend-shallow" "^2.0.1"
    "fill-range" "^4.0.0"
    "isobject" "^3.0.1"
    "repeat-element" "^1.1.2"
    "snapdragon" "^0.8.1"
    "snapdragon-node" "^2.0.1"
    "split-string" "^3.0.2"
    "to-regex" "^3.0.1"

"braces@^3.0.1":
  "version" "3.0.2"
  dependencies:
    "fill-range" "^7.0.1"

"braces@~3.0.2":
  "version" "3.0.2"
  dependencies:
    "fill-range" "^7.0.1"

"browser-stdout@1.3.1":
  "version" "1.3.1"

"buffer-from@^1.0.0":
  "version" "1.1.1"

"cache-base@^1.0.1":
  "version" "1.0.1"
  dependencies:
    "collection-visit" "^1.0.0"
    "component-emitter" "^1.2.1"
    "get-value" "^2.0.6"
    "has-value" "^1.0.0"
    "isobject" "^3.0.1"
    "set-value" "^2.0.0"
    "to-object-path" "^0.3.0"
    "union-value" "^1.0.0"
    "unset-value" "^1.0.0"

"cacheable-request@^6.0.0":
  "version" "6.1.0"
  dependencies:
    "clone-response" "^1.0.2"
    "get-stream" "^5.1.0"
    "http-cache-semantics" "^4.0.0"
    "keyv" "^3.0.0"
    "lowercase-keys" "^2.0.0"
    "normalize-url" "^4.1.0"
    "responselike" "^1.0.2"

"camelcase-keys@^6.2.2":
  "version" "6.2.2"
  dependencies:
    "camelcase" "^5.3.1"
    "map-obj" "^4.0.0"
    "quick-lru" "^4.0.1"

"camelcase@^5.0.0", "camelcase@^5.3.1":
  "version" "5.3.1"

"capture-stack-trace@^1.0.0":
  "version" "1.0.1"

"chalk@^2.0.0", "chalk@^2.4.2":
  "version" "2.4.2"
  dependencies:
    "ansi-styles" "^3.2.1"
    "escape-string-regexp" "^1.0.5"
    "supports-color" "^5.3.0"

"chalk@^3.0.0":
  "version" "3.0.0"
  dependencies:
    "ansi-styles" "^4.1.0"
    "supports-color" "^7.1.0"

"chokidar@^2.1.5":
  "version" "2.1.8"
  dependencies:
    "anymatch" "^2.0.0"
    "async-each" "^1.0.1"
    "braces" "^2.3.2"
    "glob-parent" "^3.1.0"
    "inherits" "^2.0.3"
    "is-binary-path" "^1.0.0"
    "is-glob" "^4.0.0"
    "normalize-path" "^3.0.0"
    "path-is-absolute" "^1.0.0"
    "readdirp" "^2.2.1"
    "upath" "^1.1.1"
  optionalDependencies:
    "fsevents" "^1.2.7"

"chokidar@3.3.0":
  "version" "3.3.0"
  dependencies:
    "anymatch" "~3.1.1"
    "braces" "~3.0.2"
    "glob-parent" "~5.1.0"
    "is-binary-path" "~2.1.0"
    "is-glob" "~4.0.1"
    "normalize-path" "~3.0.0"
    "readdirp" "~3.2.0"
  optionalDependencies:
    "fsevents" "~2.1.1"

"class-utils@^0.3.5":
  "version" "0.3.6"
  dependencies:
    "arr-union" "^3.1.0"
    "define-property" "^0.2.5"
    "isobject" "^3.0.0"
    "static-extend" "^0.1.1"

"clean-stack@^2.0.0":
  "version" "2.2.0"

"cliui@^5.0.0":
  "version" "5.0.0"
  dependencies:
    "string-width" "^3.1.0"
    "strip-ansi" "^5.2.0"
    "wrap-ansi" "^5.1.0"

"clone-response@^1.0.2":
  "version" "1.0.2"
  dependencies:
    "mimic-response" "^1.0.0"

"collection-visit@^1.0.0":
  "version" "1.0.0"
  dependencies:
    "map-visit" "^1.0.0"
    "object-visit" "^1.0.0"

"color-convert@^1.9.0":
  "version" "1.9.3"
  dependencies:
    "color-name" "1.1.3"

"color-convert@^2.0.1":
  "version" "2.0.1"
  dependencies:
    "color-name" "~1.1.4"

"color-name@~1.1.4":
  "version" "1.1.4"

"color-name@1.1.3":
  "version" "1.1.3"

"commander@^4.0.1":
  "version" "4.1.1"

"commander@~2.20.3":
  "version" "2.20.3"

"component-emitter@^1.2.1":
  "version" "1.3.0"

"concat-map@0.0.1":
  "version" "0.0.1"

"connect-livereload@^0.6.1":
  "version" "0.6.1"

"connect@^3.7.0":
  "version" "3.7.0"
  dependencies:
    "debug" "2.6.9"
    "finalhandler" "1.1.2"
    "parseurl" "~1.3.3"
    "utils-merge" "1.0.1"

"copy-anything@^2.0.1":
  "version" "2.0.6"
  dependencies:
    "is-what" "^3.14.1"

"copy-descriptor@^0.1.0":
  "version" "0.1.1"

"core-util-is@~1.0.0":
  "version" "1.0.2"

"create-error-class@^3.0.1":
  "version" "3.0.2"
  dependencies:
    "capture-stack-trace" "^1.0.0"

"create-require@^1.1.0":
  "version" "1.1.1"

"cross-spawn@^6.0.0":
  "version" "6.0.5"
  dependencies:
    "nice-try" "^1.0.4"
    "path-key" "^2.0.1"
    "semver" "^5.5.0"
    "shebang-command" "^1.2.0"
    "which" "^1.2.9"

"debug@^2.2.0", "debug@^2.3.3", "debug@2.6.9":
  "version" "2.6.9"
  dependencies:
    "ms" "2.0.0"

"debug@3.2.6":
  "version" "3.2.6"
  dependencies:
    "ms" "^2.1.1"

"decamelize-keys@^1.1.0":
  "version" "1.1.0"
  dependencies:
    "decamelize" "^1.1.0"
    "map-obj" "^1.0.0"

"decamelize@^1.1.0", "decamelize@^1.2.0":
  "version" "1.2.0"

"decode-uri-component@^0.2.0":
  "version" "0.2.0"

"decompress-response@^3.3.0":
  "version" "3.3.0"
  dependencies:
    "mimic-response" "^1.0.0"

"deep-extend@^0.6.0":
  "version" "0.6.0"

"deepmerge@^4.2.2":
  "version" "4.2.2"

"defer-to-connect@^1.0.1":
  "version" "1.1.3"

"define-properties@^1.1.2", "define-properties@^1.1.3":
  "version" "1.1.3"
  dependencies:
    "object-keys" "^1.0.12"

"define-property@^0.2.5":
  "version" "0.2.5"
  dependencies:
    "is-descriptor" "^0.1.0"

"define-property@^1.0.0":
  "version" "1.0.0"
  dependencies:
    "is-descriptor" "^1.0.0"

"define-property@^2.0.2":
  "version" "2.0.2"
  dependencies:
    "is-descriptor" "^1.0.2"
    "isobject" "^3.0.1"

"depd@~1.1.2":
  "version" "1.1.2"

"destroy@~1.0.4":
  "version" "1.0.4"

"diff@^4.0.1":
  "version" "4.0.1"

"diff@3.5.0":
  "version" "3.5.0"

"dns-packet@^5.2.4":
  "version" "5.3.1"
  dependencies:
    "@leichtgewicht/ip-codec" "^2.0.1"

"dns-socket@^4.2.2":
  "version" "4.2.2"
  dependencies:
    "dns-packet" "^5.2.4"

"duplexer2@^0.1.4":
  "version" "0.1.4"
  dependencies:
    "readable-stream" "^2.0.2"

"duplexer3@^0.1.4":
  "version" "0.1.4"

"ee-first@1.1.1":
  "version" "1.1.1"

"emoji-regex@^7.0.1":
  "version" "7.0.3"

"emoji-regex@^8.0.0":
  "version" "8.0.0"

"encodeurl@~1.0.2":
  "version" "1.0.2"

"end-of-stream@^1.1.0":
  "version" "1.4.4"
  dependencies:
    "once" "^1.4.0"

"entities@~2.0.0":
  "version" "2.0.3"

"errno@^0.1.1":
  "version" "0.1.8"
  dependencies:
    "prr" "~1.0.1"

"error-ex@^1.2.0", "error-ex@^1.3.1":
  "version" "1.3.2"
  dependencies:
    "is-arrayish" "^0.2.1"

"es-abstract@^1.17.0-next.1":
  "version" "1.17.0"
  dependencies:
    "es-to-primitive" "^1.2.1"
    "function-bind" "^1.1.1"
    "has" "^1.0.3"
    "has-symbols" "^1.0.1"
    "is-callable" "^1.1.5"
    "is-regex" "^1.0.5"
    "object-inspect" "^1.7.0"
    "object-keys" "^1.1.1"
    "object.assign" "^4.1.0"
    "string.prototype.trimleft" "^2.1.1"
    "string.prototype.trimright" "^2.1.1"

"es-to-primitive@^1.2.1":
  "version" "1.2.1"
  dependencies:
    "is-callable" "^1.1.4"
    "is-date-object" "^1.0.1"
    "is-symbol" "^1.0.2"

"escape-html@~1.0.3":
  "version" "1.0.3"

"escape-string-regexp@^1.0.5", "escape-string-regexp@1.0.5":
  "version" "1.0.5"

"esprima@^4.0.0":
  "version" "4.0.1"

"etag@~1.8.1":
  "version" "1.8.1"

"execa@^1.0.0":
  "version" "1.0.0"
  dependencies:
    "cross-spawn" "^6.0.0"
    "get-stream" "^4.0.0"
    "is-stream" "^1.1.0"
    "npm-run-path" "^2.0.0"
    "p-finally" "^1.0.0"
    "signal-exit" "^3.0.0"
    "strip-eof" "^1.0.0"

"expand-brackets@^2.1.4":
  "version" "2.1.4"
  dependencies:
    "debug" "^2.3.3"
    "define-property" "^0.2.5"
    "extend-shallow" "^2.0.1"
    "posix-character-classes" "^0.1.0"
    "regex-not" "^1.0.0"
    "snapdragon" "^0.8.1"
    "to-regex" "^3.0.1"

"extend-shallow@^2.0.1":
  "version" "2.0.1"
  dependencies:
    "is-extendable" "^0.1.0"

"extend-shallow@^3.0.0":
  "version" "3.0.2"
  dependencies:
    "assign-symbols" "^1.0.0"
    "is-extendable" "^1.0.1"

"extend-shallow@^3.0.2":
  "version" "3.0.2"
  dependencies:
    "assign-symbols" "^1.0.0"
    "is-extendable" "^1.0.1"

"extglob@^2.0.4":
  "version" "2.0.4"
  dependencies:
    "array-unique" "^0.3.2"
    "define-property" "^1.0.0"
    "expand-brackets" "^2.1.4"
    "extend-shallow" "^2.0.1"
    "fragment-cache" "^0.2.1"
    "regex-not" "^1.0.0"
    "snapdragon" "^0.8.1"
    "to-regex" "^3.0.1"

"fetch-blob@^3.1.2":
  "version" "3.1.4"
  dependencies:
    "node-domexception" "^1.0.0"
    "web-streams-polyfill" "^3.0.3"

"file-uri-to-path@1.0.0":
  "version" "1.0.0"

"fill-range@^4.0.0":
  "version" "4.0.0"
  dependencies:
    "extend-shallow" "^2.0.1"
    "is-number" "^3.0.0"
    "repeat-string" "^1.6.1"
    "to-regex-range" "^2.1.0"

"fill-range@^7.0.1":
  "version" "7.0.1"
  dependencies:
    "to-regex-range" "^5.0.1"

"finalhandler@1.1.2":
  "version" "1.1.2"
  dependencies:
    "debug" "2.6.9"
    "encodeurl" "~1.0.2"
    "escape-html" "~1.0.3"
    "on-finished" "~2.3.0"
    "parseurl" "~1.3.3"
    "statuses" "~1.5.0"
    "unpipe" "~1.0.0"

"find-up@^3.0.0", "find-up@3.0.0":
  "version" "3.0.0"
  dependencies:
    "locate-path" "^3.0.0"

"find-up@^4.1.0":
  "version" "4.1.0"
  dependencies:
    "locate-path" "^5.0.0"
    "path-exists" "^4.0.0"

"flat@^4.1.0":
  "version" "4.1.0"
  dependencies:
    "is-buffer" "~2.0.3"

"for-in@^1.0.2":
  "version" "1.0.2"

"formdata-polyfill@^4.0.10":
  "version" "4.0.10"
  dependencies:
    "fetch-blob" "^3.1.2"

"fragment-cache@^0.2.1":
  "version" "0.2.1"
  dependencies:
    "map-cache" "^0.2.2"

"fresh@0.5.2":
  "version" "0.5.2"

"fs-extra@^10.0.1":
  "version" "10.0.1"
  dependencies:
    "graceful-fs" "^4.2.0"
    "jsonfile" "^6.0.1"
    "universalify" "^2.0.0"

"fs.realpath@^1.0.0":
  "version" "1.0.0"

"fsevents@^1.2.7":
  "version" "1.2.13"
  dependencies:
    "bindings" "^1.5.0"
    "nan" "^2.12.1"

"fsevents@~2.1.1":
  "version" "2.1.3"

"function-bind@^1.1.1":
  "version" "1.1.1"

"get-caller-file@^2.0.1":
  "version" "2.0.5"

"get-stream@^4.0.0", "get-stream@^4.1.0":
  "version" "4.1.0"
  dependencies:
    "pump" "^3.0.0"

"get-stream@^5.1.0":
  "version" "5.2.0"
  dependencies:
    "pump" "^3.0.0"

"get-value@^2.0.3", "get-value@^2.0.6":
  "version" "2.0.6"

"glob-parent@^3.1.0":
  "version" "3.1.0"
  dependencies:
    "is-glob" "^3.1.0"
    "path-dirname" "^1.0.0"

"glob-parent@~5.1.0":
  "version" "5.1.0"
  dependencies:
    "is-glob" "^4.0.1"

"glob@^7.2.0":
  "version" "7.2.0"
  dependencies:
    "fs.realpath" "^1.0.0"
    "inflight" "^1.0.4"
    "inherits" "2"
    "minimatch" "^3.0.4"
    "once" "^1.3.0"
    "path-is-absolute" "^1.0.0"

"glob@7.1.3":
  "version" "7.1.3"
  dependencies:
    "fs.realpath" "^1.0.0"
    "inflight" "^1.0.4"
    "inherits" "2"
    "minimatch" "^3.0.4"
    "once" "^1.3.0"
    "path-is-absolute" "^1.0.0"

"got@^5.0.0":
  "version" "5.7.1"
  dependencies:
    "create-error-class" "^3.0.1"
    "duplexer2" "^0.1.4"
    "is-redirect" "^1.0.0"
    "is-retry-allowed" "^1.0.0"
    "is-stream" "^1.0.0"
    "lowercase-keys" "^1.0.0"
    "node-status-codes" "^1.0.0"
    "object-assign" "^4.0.1"
    "parse-json" "^2.1.0"
    "pinkie-promise" "^2.0.0"
    "read-all-stream" "^3.0.0"
    "readable-stream" "^2.0.5"
    "timed-out" "^3.0.0"
    "unzip-response" "^1.0.2"
    "url-parse-lax" "^1.0.0"

"got@^9.6.0":
  "version" "9.6.0"
  dependencies:
    "@sindresorhus/is" "^0.14.0"
    "@szmarczak/http-timer" "^1.1.2"
    "cacheable-request" "^6.0.0"
    "decompress-response" "^3.3.0"
    "duplexer3" "^0.1.4"
    "get-stream" "^4.1.0"
    "lowercase-keys" "^1.0.1"
    "mimic-response" "^1.0.1"
    "p-cancelable" "^1.0.0"
    "to-readable-stream" "^1.0.0"
    "url-parse-lax" "^3.0.0"

"graceful-fs@^4.1.11", "graceful-fs@^4.1.2", "graceful-fs@^4.1.6", "graceful-fs@^4.2.0":
  "version" "4.2.9"

"growl@1.10.5":
  "version" "1.10.5"

"handlebars@^4.5.3", "handlebars@^4.7.7":
  "version" "4.7.7"
  dependencies:
    "minimist" "^1.2.5"
    "neo-async" "^2.6.0"
    "source-map" "^0.6.1"
    "wordwrap" "^1.0.0"
  optionalDependencies:
    "uglify-js" "^3.1.4"

"hard-rejection@^2.1.0":
  "version" "2.1.0"

"has-flag@^3.0.0":
  "version" "3.0.0"

"has-flag@^4.0.0":
  "version" "4.0.0"

"has-symbols@^1.0.0", "has-symbols@^1.0.1":
  "version" "1.0.1"

"has-value@^0.3.1":
  "version" "0.3.1"
  dependencies:
    "get-value" "^2.0.3"
    "has-values" "^0.1.4"
    "isobject" "^2.0.0"

"has-value@^1.0.0":
  "version" "1.0.0"
  dependencies:
    "get-value" "^2.0.6"
    "has-values" "^1.0.0"
    "isobject" "^3.0.0"

"has-values@^0.1.4":
  "version" "0.1.4"

"has-values@^1.0.0":
  "version" "1.0.0"
  dependencies:
    "is-number" "^3.0.0"
    "kind-of" "^4.0.0"

"has@^1.0.3":
  "version" "1.0.3"
  dependencies:
    "function-bind" "^1.1.1"

"he@1.2.0":
  "version" "1.2.0"

"highlight.js@^11.3.1":
  "version" "11.5.0"

"hosted-git-info@^2.1.4":
  "version" "2.8.9"

"http-cache-semantics@^4.0.0":
  "version" "4.1.0"

"http-errors@1.8.1":
  "version" "1.8.1"
  dependencies:
    "depd" "~1.1.2"
    "inherits" "2.0.4"
    "setprototypeof" "1.2.0"
    "statuses" ">= 1.5.0 < 2"
    "toidentifier" "1.0.1"

"image-size@~0.5.0":
  "version" "0.5.5"

"implant@^2.0.3":
  "version" "2.0.3"
  dependencies:
    "balanced-pairs" "^1.1.2"
    "lighter-json" "^2.0.0"

"indent-string@^4.0.0":
  "version" "4.0.0"

"inflight@^1.0.4":
  "version" "1.0.6"
  dependencies:
    "once" "^1.3.0"
    "wrappy" "1"

"inherits@^2.0.3", "inherits@~2.0.3", "inherits@2", "inherits@2.0.4":
  "version" "2.0.4"

"ini@~1.3.0":
  "version" "1.3.8"

"ip-regex@^4.0.0":
  "version" "4.3.0"

"is-accessor-descriptor@^0.1.6":
  "version" "0.1.6"
  dependencies:
    "kind-of" "^3.0.2"

"is-accessor-descriptor@^1.0.0":
  "version" "1.0.0"
  dependencies:
    "kind-of" "^6.0.0"

"is-arrayish@^0.2.1":
  "version" "0.2.1"

"is-binary-path@^1.0.0":
  "version" "1.0.1"
  dependencies:
    "binary-extensions" "^1.0.0"

"is-binary-path@~2.1.0":
  "version" "2.1.0"
  dependencies:
    "binary-extensions" "^2.0.0"

"is-buffer@^1.1.5":
  "version" "1.1.6"

"is-buffer@~2.0.3":
  "version" "2.0.4"

"is-callable@^1.1.4", "is-callable@^1.1.5":
  "version" "1.1.5"

"is-core-module@^2.8.1":
  "version" "2.8.1"
  dependencies:
    "has" "^1.0.3"

"is-data-descriptor@^0.1.4":
  "version" "0.1.4"
  dependencies:
    "kind-of" "^3.0.2"

"is-data-descriptor@^1.0.0":
  "version" "1.0.0"
  dependencies:
    "kind-of" "^6.0.0"

"is-date-object@^1.0.1":
  "version" "1.0.2"

"is-descriptor@^0.1.0":
  "version" "0.1.6"
  dependencies:
    "is-accessor-descriptor" "^0.1.6"
    "is-data-descriptor" "^0.1.4"
    "kind-of" "^5.0.0"

"is-descriptor@^1.0.0", "is-descriptor@^1.0.2":
  "version" "1.0.2"
  dependencies:
    "is-accessor-descriptor" "^1.0.0"
    "is-data-descriptor" "^1.0.0"
    "kind-of" "^6.0.2"

"is-extendable@^0.1.0", "is-extendable@^0.1.1":
  "version" "0.1.1"

"is-extendable@^1.0.1":
  "version" "1.0.1"
  dependencies:
    "is-plain-object" "^2.0.4"

"is-extglob@^2.1.0", "is-extglob@^2.1.1":
  "version" "2.1.1"

"is-fullwidth-code-point@^2.0.0":
  "version" "2.0.0"

"is-glob@^3.1.0":
  "version" "3.1.0"
  dependencies:
    "is-extglob" "^2.1.0"

"is-glob@^4.0.0":
  "version" "4.0.3"
  dependencies:
    "is-extglob" "^2.1.1"

"is-glob@^4.0.1", "is-glob@~4.0.1":
  "version" "4.0.1"
  dependencies:
    "is-extglob" "^2.1.1"

"is-ip@^3.1.0":
  "version" "3.1.0"
  dependencies:
    "ip-regex" "^4.0.0"

"is-number@^3.0.0":
  "version" "3.0.0"
  dependencies:
    "kind-of" "^3.0.2"

"is-number@^7.0.0":
  "version" "7.0.0"

"is-online@^8.2.1":
  "version" "8.5.1"
  dependencies:
    "got" "^9.6.0"
    "p-any" "^2.0.0"
    "p-timeout" "^3.0.0"
    "public-ip" "^4.0.1"

"is-plain-obj@^1.1.0":
  "version" "1.1.0"

"is-plain-object@^2.0.1", "is-plain-object@^2.0.3", "is-plain-object@^2.0.4":
  "version" "2.0.4"
  dependencies:
    "isobject" "^3.0.1"

"is-redirect@^1.0.0":
  "version" "1.0.0"

"is-regex@^1.0.5":
  "version" "1.0.5"
  dependencies:
    "has" "^1.0.3"

"is-retry-allowed@^1.0.0":
  "version" "1.2.0"

"is-stream@^1.0.0", "is-stream@^1.1.0":
  "version" "1.1.0"

"is-symbol@^1.0.2":
  "version" "1.0.3"
  dependencies:
    "has-symbols" "^1.0.1"

"is-what@^3.14.1":
  "version" "3.14.1"

"is-windows@^1.0.2":
  "version" "1.0.2"

"is-wsl@^1.1.0":
  "version" "1.1.0"

"isarray@~1.0.0", "isarray@1.0.0":
  "version" "1.0.0"

"isexe@^2.0.0":
  "version" "2.0.0"

"isobject@^2.0.0":
  "version" "2.1.0"
  dependencies:
    "isarray" "1.0.0"

"isobject@^3.0.0", "isobject@^3.0.1":
  "version" "3.0.1"

"iterm2-version@^4.1.0":
  "version" "4.2.0"
  dependencies:
    "app-path" "^3.2.0"
    "plist" "^3.0.1"

"js-tokens@^4.0.0":
  "version" "4.0.0"

"js-yaml@3.13.1":
  "version" "3.13.1"
  dependencies:
    "argparse" "^1.0.7"
    "esprima" "^4.0.0"

"json-buffer@3.0.0":
  "version" "3.0.0"

"json-parse-even-better-errors@^2.3.0":
  "version" "2.3.1"

"jsonc-parser@^3.0.0":
  "version" "3.0.0"

"jsonfile@^6.0.1":
  "version" "6.1.0"
  dependencies:
    "universalify" "^2.0.0"
  optionalDependencies:
    "graceful-fs" "^4.1.6"

"keyv@^3.0.0":
  "version" "3.1.0"
  dependencies:
    "json-buffer" "3.0.0"

"kind-of@^3.0.2", "kind-of@^3.0.3", "kind-of@^3.2.0":
  "version" "3.2.2"
  dependencies:
    "is-buffer" "^1.1.5"

"kind-of@^4.0.0":
  "version" "4.0.0"
  dependencies:
    "is-buffer" "^1.1.5"

"kind-of@^5.0.0":
  "version" "5.1.0"

"kind-of@^6.0.0":
  "version" "6.0.3"

"kind-of@^6.0.2":
  "version" "6.0.3"

"kind-of@^6.0.3":
  "version" "6.0.3"

"less@^3.10.3":
  "version" "3.13.1"
  dependencies:
    "copy-anything" "^2.0.1"
    "tslib" "^1.10.0"
  optionalDependencies:
    "errno" "^0.1.1"
    "graceful-fs" "^4.1.2"
    "image-size" "~0.5.0"
    "make-dir" "^2.1.0"
    "mime" "^1.4.1"
    "native-request" "^1.0.5"
    "source-map" "~0.6.0"

"lighter-json@^2.0.0":
  "version" "2.0.0"

"lines-and-columns@^1.1.6":
  "version" "1.2.4"

"linkify-it@^2.0.0":
  "version" "2.2.0"
  dependencies:
    "uc.micro" "^1.0.1"

"livereload@^0.8.2":
  "version" "0.8.2"
  dependencies:
    "chokidar" "^2.1.5"
    "opts" ">= 1.2.0"
    "ws" "^6.2.1"

"locate-path@^3.0.0":
  "version" "3.0.0"
  dependencies:
    "p-locate" "^3.0.0"
    "path-exists" "^3.0.0"

"locate-path@^5.0.0":
  "version" "5.0.0"
  dependencies:
    "p-locate" "^4.1.0"

"lodash.flow@^3.5.0":
  "version" "3.5.0"

"lodash.mapvalues@^4.6.0":
  "version" "4.6.0"

"lodash@^4.17.15":
  "version" "4.17.15"

"log-symbols@3.0.0":
  "version" "3.0.0"
  dependencies:
    "chalk" "^2.4.2"

"lowercase-keys@^1.0.0", "lowercase-keys@^1.0.1":
  "version" "1.0.1"

"lowercase-keys@^2.0.0":
  "version" "2.0.0"

"lunr@^2.3.9":
  "version" "2.3.9"

"make-dir@^2.1.0":
  "version" "2.1.0"
  dependencies:
    "pify" "^4.0.1"
    "semver" "^5.6.0"

"make-error@^1.1.1":
  "version" "1.3.5"

"map-cache@^0.2.2":
  "version" "0.2.2"

"map-obj@^1.0.0":
  "version" "1.0.1"

"map-obj@^4.0.0":
  "version" "4.3.0"

"map-visit@^1.0.0":
  "version" "1.0.0"
  dependencies:
    "object-visit" "^1.0.0"

"markdown-it-anchor@^5.2.5":
  "version" "5.3.0"

"markdown-it-emoji@^1.4.0":
  "version" "1.4.0"

"markdown-it-highlightjs@^3.0.0":
  "version" "3.6.0"
  dependencies:
    "highlight.js" "^11.3.1"
    "lodash.flow" "^3.5.0"

"markdown-it-include@^1.1.0":
  "version" "1.1.1"

"markdown-it-mathjax@^2.0.0":
  "version" "2.0.0"

"markdown-it-table-of-contents@^0.4.4":
  "version" "0.4.4"

"markdown-it-task-lists@^2.1.1":
  "version" "2.1.1"

"markdown-it@^10.0.0":
  "version" "10.0.0"
  dependencies:
    "argparse" "^1.0.7"
    "entities" "~2.0.0"
    "linkify-it" "^2.0.0"
    "mdurl" "^1.0.1"
    "uc.micro" "^1.0.5"

"marked@^4.0.10":
  "version" "4.0.12"

"markserv@^1.17.4":
  "version" "1.17.4"
  dependencies:
    "analyze-deps" "^2.0.0"
    "bluebird" "^3.7.2"
    "chalk" "^3.0.0"
    "commander" "^4.0.1"
    "connect" "^3.7.0"
    "connect-livereload" "^0.6.1"
    "deepmerge" "^4.2.2"
    "emoji-regex" "^8.0.0"
    "handlebars" "^4.5.3"
    "implant" "^2.0.3"
    "is-online" "^8.2.1"
    "less" "^3.10.3"
    "livereload" "^0.8.2"
    "markdown-it" "^10.0.0"
    "markdown-it-anchor" "^5.2.5"
    "markdown-it-emoji" "^1.4.0"
    "markdown-it-highlightjs" "^3.0.0"
    "markdown-it-include" "^1.1.0"
    "markdown-it-mathjax" "^2.0.0"
    "markdown-it-table-of-contents" "^0.4.4"
    "markdown-it-task-lists" "^2.1.1"
    "meow" "^6.0.0"
    "micromatch" "^4.0.2"
    "mime" "^2.4.4"
    "open" "^6.0.0"
    "promptly" "^3.0.3"
    "send" "^0.17.1"
    "snyk" "^1.266.0"
    "term-img" "^4.1.0"

"mdurl@^1.0.1":
  "version" "1.0.1"

"meow@^6.0.0":
  "version" "6.1.1"
  dependencies:
    "@types/minimist" "^1.2.0"
    "camelcase-keys" "^6.2.2"
    "decamelize-keys" "^1.1.0"
    "hard-rejection" "^2.1.0"
    "minimist-options" "^4.0.2"
    "normalize-package-data" "^2.5.0"
    "read-pkg-up" "^7.0.1"
    "redent" "^3.0.0"
    "trim-newlines" "^3.0.0"
    "type-fest" "^0.13.1"
    "yargs-parser" "^18.1.3"

"micromatch@^3.1.10", "micromatch@^3.1.4":
  "version" "3.1.10"
  dependencies:
    "arr-diff" "^4.0.0"
    "array-unique" "^0.3.2"
    "braces" "^2.3.1"
    "define-property" "^2.0.2"
    "extend-shallow" "^3.0.2"
    "extglob" "^2.0.4"
    "fragment-cache" "^0.2.1"
    "kind-of" "^6.0.2"
    "nanomatch" "^1.2.9"
    "object.pick" "^1.3.0"
    "regex-not" "^1.0.0"
    "snapdragon" "^0.8.1"
    "to-regex" "^3.0.2"

"micromatch@^4.0.2":
  "version" "4.0.4"
  dependencies:
    "braces" "^3.0.1"
    "picomatch" "^2.2.3"

"mime@^1.4.1", "mime@1.6.0":
  "version" "1.6.0"

"mime@^2.4.4":
  "version" "2.6.0"

"mimic-response@^1.0.0", "mimic-response@^1.0.1":
  "version" "1.0.1"

"min-indent@^1.0.0":
  "version" "1.0.1"

"minimatch@^3.0.4", "minimatch@3.0.4":
  "version" "3.0.4"
  dependencies:
    "brace-expansion" "^1.1.7"

"minimist-options@^4.0.2":
  "version" "4.1.0"
  dependencies:
    "arrify" "^1.0.1"
    "is-plain-obj" "^1.1.0"
    "kind-of" "^6.0.3"

"minimist@^1.2.0", "minimist@^1.2.5":
  "version" "1.2.5"

"mixin-deep@^1.2.0":
  "version" "1.3.2"
  dependencies:
    "for-in" "^1.0.2"
    "is-extendable" "^1.0.1"

"mkdirp@0.5.5":
  "version" "0.5.5"
  dependencies:
    "minimist" "^1.2.5"

"mocha@7.2.0":
  "version" "7.2.0"
  dependencies:
    "ansi-colors" "3.2.3"
    "browser-stdout" "1.3.1"
    "chokidar" "3.3.0"
    "debug" "3.2.6"
    "diff" "3.5.0"
    "escape-string-regexp" "1.0.5"
    "find-up" "3.0.0"
    "glob" "7.1.3"
    "growl" "1.10.5"
    "he" "1.2.0"
    "js-yaml" "3.13.1"
    "log-symbols" "3.0.0"
    "minimatch" "3.0.4"
    "mkdirp" "0.5.5"
    "ms" "2.1.1"
    "node-environment-flags" "1.0.6"
    "object.assign" "4.1.0"
    "strip-json-comments" "2.0.1"
    "supports-color" "6.0.0"
    "which" "1.3.1"
    "wide-align" "1.1.3"
    "yargs" "13.3.2"
    "yargs-parser" "13.1.2"
    "yargs-unparser" "1.6.0"

"ms@^2.1.1":
  "version" "2.1.2"

"ms@2.0.0":
  "version" "2.0.0"

"ms@2.1.1":
  "version" "2.1.1"

"ms@2.1.3":
  "version" "2.1.3"

"mute-stream@~0.0.4":
  "version" "0.0.8"

"nan@^2.12.1":
  "version" "2.15.0"

"nanomatch@^1.2.9":
  "version" "1.2.13"
  dependencies:
    "arr-diff" "^4.0.0"
    "array-unique" "^0.3.2"
    "define-property" "^2.0.2"
    "extend-shallow" "^3.0.2"
    "fragment-cache" "^0.2.1"
    "is-windows" "^1.0.2"
    "kind-of" "^6.0.2"
    "object.pick" "^1.3.0"
    "regex-not" "^1.0.0"
    "snapdragon" "^0.8.1"
    "to-regex" "^3.0.1"

"native-request@^1.0.5":
  "version" "1.1.0"

"neo-async@^2.6.0":
  "version" "2.6.1"

"nice-try@^1.0.4":
  "version" "1.0.5"

"node-domexception@^1.0.0":
  "version" "1.0.0"

"node-environment-flags@1.0.6":
  "version" "1.0.6"
  dependencies:
    "object.getownpropertydescriptors" "^2.0.3"
    "semver" "^5.7.0"

"node-fetch-commonjs@^3.1.1":
  "version" "3.1.1"
  dependencies:
    "formdata-polyfill" "^4.0.10"
    "web-streams-polyfill" "^3.1.1"

"node-status-codes@^1.0.0":
  "version" "1.0.0"

"normalize-package-data@^2.5.0":
  "version" "2.5.0"
  dependencies:
    "hosted-git-info" "^2.1.4"
    "resolve" "^1.10.0"
    "semver" "2 || 3 || 4 || 5"
    "validate-npm-package-license" "^3.0.1"

"normalize-path@^2.1.1":
  "version" "2.1.1"
  dependencies:
    "remove-trailing-separator" "^1.0.1"

"normalize-path@^3.0.0", "normalize-path@~3.0.0":
  "version" "3.0.0"

"normalize-url@^4.1.0":
  "version" "4.5.1"

"npm-run-path@^2.0.0":
  "version" "2.0.2"
  dependencies:
    "path-key" "^2.0.0"

"object-assign@^4.0.1":
  "version" "4.1.1"

"object-copy@^0.1.0":
  "version" "0.1.0"
  dependencies:
    "copy-descriptor" "^0.1.0"
    "define-property" "^0.2.5"
    "kind-of" "^3.0.3"

"object-inspect@^1.7.0":
  "version" "1.7.0"

"object-keys@^1.0.11", "object-keys@^1.0.12", "object-keys@^1.1.1":
  "version" "1.1.1"

"object-visit@^1.0.0":
  "version" "1.0.1"
  dependencies:
    "isobject" "^3.0.0"

"object.assign@^4.1.0", "object.assign@4.1.0":
  "version" "4.1.0"
  dependencies:
    "define-properties" "^1.1.2"
    "function-bind" "^1.1.1"
    "has-symbols" "^1.0.0"
    "object-keys" "^1.0.11"

"object.getownpropertydescriptors@^2.0.3":
  "version" "2.1.0"
  dependencies:
    "define-properties" "^1.1.3"
    "es-abstract" "^1.17.0-next.1"

"object.pick@^1.3.0":
  "version" "1.3.0"
  dependencies:
    "isobject" "^3.0.1"

"on-finished@~2.3.0":
  "version" "2.3.0"
  dependencies:
    "ee-first" "1.1.1"

"once@^1.3.0", "once@^1.3.1", "once@^1.4.0":
  "version" "1.4.0"
  dependencies:
    "wrappy" "1"

"open@^6.0.0":
  "version" "6.4.0"
  dependencies:
    "is-wsl" "^1.1.0"

"opts@>= 1.2.0":
  "version" "2.0.2"

"p-any@^2.0.0":
  "version" "2.1.0"
  dependencies:
    "p-cancelable" "^2.0.0"
    "p-some" "^4.0.0"
    "type-fest" "^0.3.0"

"p-cancelable@^1.0.0":
  "version" "1.1.0"

"p-cancelable@^2.0.0":
  "version" "2.1.1"

"p-finally@^1.0.0":
  "version" "1.0.0"

"p-limit@^2.0.0":
  "version" "2.2.2"
  dependencies:
    "p-try" "^2.0.0"

"p-limit@^2.2.0":
  "version" "2.3.0"
  dependencies:
    "p-try" "^2.0.0"

"p-locate@^3.0.0":
  "version" "3.0.0"
  dependencies:
    "p-limit" "^2.0.0"

"p-locate@^4.1.0":
  "version" "4.1.0"
  dependencies:
    "p-limit" "^2.2.0"

"p-some@^4.0.0":
  "version" "4.1.0"
  dependencies:
    "aggregate-error" "^3.0.0"
    "p-cancelable" "^2.0.0"

"p-timeout@^3.0.0":
  "version" "3.2.0"
  dependencies:
    "p-finally" "^1.0.0"

"p-try@^2.0.0":
  "version" "2.2.0"

"package-json@^2.4.0":
  "version" "2.4.0"
  dependencies:
    "got" "^5.0.0"
    "registry-auth-token" "^3.0.1"
    "registry-url" "^3.0.3"
    "semver" "^5.1.0"

"parse-json@^2.1.0":
  "version" "2.2.0"
  dependencies:
    "error-ex" "^1.2.0"

"parse-json@^5.0.0":
  "version" "5.2.0"
  dependencies:
    "@babel/code-frame" "^7.0.0"
    "error-ex" "^1.3.1"
    "json-parse-even-better-errors" "^2.3.0"
    "lines-and-columns" "^1.1.6"

"parseurl@~1.3.3":
  "version" "1.3.3"

"pascalcase@^0.1.1":
  "version" "0.1.1"

"path-dirname@^1.0.0":
  "version" "1.0.2"

"path-exists@^3.0.0":
  "version" "3.0.0"

"path-exists@^4.0.0":
  "version" "4.0.0"

"path-is-absolute@^1.0.0":
  "version" "1.0.1"

"path-key@^2.0.0", "path-key@^2.0.1":
  "version" "2.0.1"

"path-parse@^1.0.7":
  "version" "1.0.7"

"picomatch@^2.0.4":
  "version" "2.2.1"

"picomatch@^2.2.3":
  "version" "2.3.1"

"pify@^4.0.1":
  "version" "4.0.1"

"pinkie-promise@^2.0.0":
  "version" "2.0.1"
  dependencies:
    "pinkie" "^2.0.0"

"pinkie@^2.0.0":
  "version" "2.0.4"

"plist@^3.0.1":
  "version" "3.0.4"
  dependencies:
    "base64-js" "^1.5.1"
    "xmlbuilder" "^9.0.7"

"point-in-polygon@^1.0.1":
  "version" "1.1.0"

"posix-character-classes@^0.1.0":
  "version" "0.1.1"

"prepend-http@^1.0.1":
  "version" "1.0.4"

"prepend-http@^2.0.0":
  "version" "2.0.0"

"prettier@2.5.1":
  "version" "2.5.1"

"process-nextick-args@~2.0.0":
  "version" "2.0.1"

"promise-all@^1.0.0":
  "version" "1.0.0"
  dependencies:
    "is-plain-object" "^2.0.1"

"promptly@^3.0.3":
  "version" "3.2.0"
  dependencies:
    "read" "^1.0.4"

"prr@~1.0.1":
  "version" "1.0.1"

"public-ip@^4.0.1":
  "version" "4.0.4"
  dependencies:
    "dns-socket" "^4.2.2"
    "got" "^9.6.0"
    "is-ip" "^3.1.0"

"pump@^3.0.0":
  "version" "3.0.0"
  dependencies:
    "end-of-stream" "^1.1.0"
    "once" "^1.3.1"

"quick-lru@^4.0.1":
  "version" "4.0.1"

"range-parser@~1.2.1":
  "version" "1.2.1"

"rc@^1.0.1", "rc@^1.1.6":
  "version" "1.2.8"
  dependencies:
    "deep-extend" "^0.6.0"
    "ini" "~1.3.0"
    "minimist" "^1.2.0"
    "strip-json-comments" "~2.0.1"

"read-all-stream@^3.0.0":
  "version" "3.1.0"
  dependencies:
    "pinkie-promise" "^2.0.0"
    "readable-stream" "^2.0.0"

"read-pkg-up@^7.0.1":
  "version" "7.0.1"
  dependencies:
    "find-up" "^4.1.0"
    "read-pkg" "^5.2.0"
    "type-fest" "^0.8.1"

"read-pkg@^5.2.0":
  "version" "5.2.0"
  dependencies:
    "@types/normalize-package-data" "^2.4.0"
    "normalize-package-data" "^2.5.0"
    "parse-json" "^5.0.0"
    "type-fest" "^0.6.0"

"read@^1.0.4":
  "version" "1.0.7"
  dependencies:
    "mute-stream" "~0.0.4"

"readable-stream@^2.0.0", "readable-stream@^2.0.2", "readable-stream@^2.0.5":
  "version" "2.3.7"
  dependencies:
    "core-util-is" "~1.0.0"
    "inherits" "~2.0.3"
    "isarray" "~1.0.0"
    "process-nextick-args" "~2.0.0"
    "safe-buffer" "~5.1.1"
    "string_decoder" "~1.1.1"
    "util-deprecate" "~1.0.1"

"readdirp@^2.2.1":
  "version" "2.2.1"
  dependencies:
    "graceful-fs" "^4.1.11"
    "micromatch" "^3.1.10"
    "readable-stream" "^2.0.2"

"readdirp@~3.2.0":
  "version" "3.2.0"
  dependencies:
    "picomatch" "^2.0.4"

"redent@^3.0.0":
  "version" "3.0.0"
  dependencies:
    "indent-string" "^4.0.0"
    "strip-indent" "^3.0.0"

"regex-not@^1.0.0", "regex-not@^1.0.2":
  "version" "1.0.2"
  dependencies:
    "extend-shallow" "^3.0.2"
    "safe-regex" "^1.1.0"

"registry-auth-token@^3.0.1":
  "version" "3.4.0"
  dependencies:
    "rc" "^1.1.6"
    "safe-buffer" "^5.0.1"

"registry-url@^3.0.3":
  "version" "3.1.0"
  dependencies:
    "rc" "^1.0.1"

"remove-trailing-separator@^1.0.1":
  "version" "1.1.0"

"repeat-element@^1.1.2":
  "version" "1.1.4"

"repeat-string@^1.6.1":
  "version" "1.6.1"

"require-directory@^2.1.1":
  "version" "2.1.1"

"require-main-filename@^2.0.0":
  "version" "2.0.0"

"resolve-url@^0.2.1":
  "version" "0.2.1"

"resolve@^1.10.0":
  "version" "1.22.0"
  dependencies:
    "is-core-module" "^2.8.1"
    "path-parse" "^1.0.7"
    "supports-preserve-symlinks-flag" "^1.0.0"

"responselike@^1.0.2":
  "version" "1.0.2"
  dependencies:
    "lowercase-keys" "^1.0.0"

"ret@~0.1.10":
  "version" "0.1.15"

"safe-buffer@^5.0.1":
  "version" "5.2.1"

"safe-buffer@~5.1.0":
  "version" "5.1.2"

"safe-buffer@~5.1.1":
  "version" "5.1.2"

"safe-regex@^1.1.0":
  "version" "1.1.0"
  dependencies:
    "ret" "~0.1.10"

"semver@^5.1.0", "semver@^5.3.0", "semver@^5.5.0", "semver@^5.6.0", "semver@^5.7.0", "semver@2 || 3 || 4 || 5":
  "version" "5.7.1"

"send@^0.17.1":
  "version" "0.17.2"
  dependencies:
    "debug" "2.6.9"
    "depd" "~1.1.2"
    "destroy" "~1.0.4"
    "encodeurl" "~1.0.2"
    "escape-html" "~1.0.3"
    "etag" "~1.8.1"
    "fresh" "0.5.2"
    "http-errors" "1.8.1"
    "mime" "1.6.0"
    "ms" "2.1.3"
    "on-finished" "~2.3.0"
    "range-parser" "~1.2.1"
    "statuses" "~1.5.0"

"set-blocking@^2.0.0":
  "version" "2.0.0"

"set-value@^2.0.0", "set-value@^2.0.1":
  "version" "2.0.1"
  dependencies:
    "extend-shallow" "^2.0.1"
    "is-extendable" "^0.1.1"
    "is-plain-object" "^2.0.3"
    "split-string" "^3.0.1"

"setprototypeof@1.2.0":
  "version" "1.2.0"

"shebang-command@^1.2.0":
  "version" "1.2.0"
  dependencies:
    "shebang-regex" "^1.0.0"

"shebang-regex@^1.0.0":
  "version" "1.0.0"

"shiki@^0.10.0":
  "version" "0.10.0"
  dependencies:
    "jsonc-parser" "^3.0.0"
    "vscode-oniguruma" "^1.6.1"
    "vscode-textmate" "5.2.0"

"signal-exit@^3.0.0":
  "version" "3.0.3"

"snapdragon-node@^2.0.1":
  "version" "2.1.1"
  dependencies:
    "define-property" "^1.0.0"
    "isobject" "^3.0.0"
    "snapdragon-util" "^3.0.1"

"snapdragon-util@^3.0.1":
  "version" "3.0.1"
  dependencies:
    "kind-of" "^3.2.0"

"snapdragon@^0.8.1":
  "version" "0.8.2"
  dependencies:
    "base" "^0.11.1"
    "debug" "^2.2.0"
    "define-property" "^0.2.5"
    "extend-shallow" "^2.0.1"
    "map-cache" "^0.2.2"
    "source-map" "^0.5.6"
    "source-map-resolve" "^0.5.0"
    "use" "^3.1.0"

"snyk@^1.266.0":
  "version" "1.868.0"

"source-map-resolve@^0.5.0":
  "version" "0.5.3"
  dependencies:
    "atob" "^2.1.2"
    "decode-uri-component" "^0.2.0"
    "resolve-url" "^0.2.1"
    "source-map-url" "^0.4.0"
    "urix" "^0.1.0"

"source-map-support@^0.5.16":
  "version" "0.5.16"
  dependencies:
    "buffer-from" "^1.0.0"
    "source-map" "^0.6.0"

"source-map-url@^0.4.0":
  "version" "0.4.1"

"source-map@^0.5.6":
  "version" "0.5.7"

"source-map@^0.6.0", "source-map@^0.6.1", "source-map@~0.6.0", "source-map@~0.6.1":
  "version" "0.6.1"

"spdx-correct@^3.0.0":
  "version" "3.1.1"
  dependencies:
    "spdx-expression-parse" "^3.0.0"
    "spdx-license-ids" "^3.0.0"

"spdx-exceptions@^2.1.0":
  "version" "2.3.0"

"spdx-expression-parse@^3.0.0":
  "version" "3.0.1"
  dependencies:
    "spdx-exceptions" "^2.1.0"
    "spdx-license-ids" "^3.0.0"

"spdx-license-ids@^3.0.0":
  "version" "3.0.11"

"split-string@^3.0.1", "split-string@^3.0.2":
  "version" "3.1.0"
  dependencies:
    "extend-shallow" "^3.0.0"

"sprintf-js@~1.0.2":
  "version" "1.0.3"

"static-extend@^0.1.1":
  "version" "0.1.2"
  dependencies:
    "define-property" "^0.2.5"
    "object-copy" "^0.1.0"

"statuses@>= 1.5.0 < 2", "statuses@~1.5.0":
  "version" "1.5.0"

"string_decoder@~1.1.1":
  "version" "1.1.1"
  dependencies:
    "safe-buffer" "~5.1.0"

"string-width@^1.0.2 || 2":
  "version" "2.1.1"
  dependencies:
    "is-fullwidth-code-point" "^2.0.0"
    "strip-ansi" "^4.0.0"

"string-width@^3.0.0", "string-width@^3.1.0":
  "version" "3.1.0"
  dependencies:
    "emoji-regex" "^7.0.1"
    "is-fullwidth-code-point" "^2.0.0"
    "strip-ansi" "^5.1.0"

"string.prototype.trimleft@^2.1.1":
  "version" "2.1.1"
  dependencies:
    "define-properties" "^1.1.3"
    "function-bind" "^1.1.1"

"string.prototype.trimright@^2.1.1":
  "version" "2.1.1"
  dependencies:
    "define-properties" "^1.1.3"
    "function-bind" "^1.1.1"

"strip-ansi@^4.0.0":
  "version" "4.0.0"
  dependencies:
    "ansi-regex" "^3.0.0"

"strip-ansi@^5.0.0", "strip-ansi@^5.1.0", "strip-ansi@^5.2.0":
  "version" "5.2.0"
  dependencies:
    "ansi-regex" "^4.1.0"

"strip-eof@^1.0.0":
  "version" "1.0.0"

"strip-indent@^3.0.0":
  "version" "3.0.0"
  dependencies:
    "min-indent" "^1.0.0"

"strip-json-comments@~2.0.1", "strip-json-comments@2.0.1":
  "version" "2.0.1"

"super-split@^1.1.0":
  "version" "1.1.0"

"supports-color@^5.3.0":
  "version" "5.5.0"
  dependencies:
    "has-flag" "^3.0.0"

"supports-color@^7.1.0":
  "version" "7.2.0"
  dependencies:
    "has-flag" "^4.0.0"

"supports-color@6.0.0":
  "version" "6.0.0"
  dependencies:
    "has-flag" "^3.0.0"

"supports-preserve-symlinks-flag@^1.0.0":
  "version" "1.0.0"

"term-img@^4.1.0":
  "version" "4.1.0"
  dependencies:
    "ansi-escapes" "^4.1.0"
    "iterm2-version" "^4.1.0"

"timed-out@^3.0.0":
  "version" "3.1.3"

"to-object-path@^0.3.0":
  "version" "0.3.0"
  dependencies:
    "kind-of" "^3.0.2"

"to-readable-stream@^1.0.0":
  "version" "1.0.0"

"to-regex-range@^2.1.0":
  "version" "2.1.1"
  dependencies:
    "is-number" "^3.0.0"
    "repeat-string" "^1.6.1"

"to-regex-range@^5.0.1":
  "version" "5.0.1"
  dependencies:
    "is-number" "^7.0.0"

"to-regex@^3.0.1", "to-regex@^3.0.2":
  "version" "3.0.2"
  dependencies:
    "define-property" "^2.0.2"
    "extend-shallow" "^3.0.2"
    "regex-not" "^1.0.2"
    "safe-regex" "^1.1.0"

"toidentifier@1.0.1":
  "version" "1.0.1"

"trim-newlines@^3.0.0":
  "version" "3.0.1"

"ts-node@^10.7.0":
  "version" "10.7.0"
  dependencies:
    "@cspotcode/source-map-support" "0.7.0"
    "@tsconfig/node10" "^1.0.7"
    "@tsconfig/node12" "^1.0.7"
    "@tsconfig/node14" "^1.0.0"
    "@tsconfig/node16" "^1.0.2"
    "acorn" "^8.4.1"
    "acorn-walk" "^8.1.1"
    "arg" "^4.1.0"
    "create-require" "^1.1.0"
    "diff" "^4.0.1"
    "make-error" "^1.1.1"
    "v8-compile-cache-lib" "^3.0.0"
    "yn" "3.1.1"

"tslib@^1.10.0":
  "version" "1.14.1"

"type-fest@^0.13.1":
  "version" "0.13.1"

"type-fest@^0.21.3":
  "version" "0.21.3"

"type-fest@^0.3.0":
  "version" "0.3.1"

"type-fest@^0.6.0":
  "version" "0.6.0"

"type-fest@^0.8.1":
  "version" "0.8.1"

"typedoc-plugin-inline-sources@^1.0.1":
  "version" "1.0.1"

"typedoc-plugin-markdown@^3.11.12":
  "version" "3.11.12"
  dependencies:
    "handlebars" "^4.7.7"

"typedoc@^0.22.0":
  "version" "0.22.11"
  dependencies:
    "glob" "^7.2.0"
    "lunr" "^2.3.9"
    "marked" "^4.0.10"
    "minimatch" "^3.0.4"
    "shiki" "^0.10.0"

"typescript@^4.5.5":
  "version" "4.5.5"

"uc.micro@^1.0.1", "uc.micro@^1.0.5":
  "version" "1.0.6"

"uglify-js@^3.1.4":
  "version" "3.7.4"
  dependencies:
    "commander" "~2.20.3"
    "source-map" "~0.6.1"

"union-value@^1.0.0":
  "version" "1.0.1"
  dependencies:
    "arr-union" "^3.1.0"
    "get-value" "^2.0.6"
    "is-extendable" "^0.1.1"
    "set-value" "^2.0.1"

"universalify@^2.0.0":
  "version" "2.0.0"

"unpipe@~1.0.0":
  "version" "1.0.0"

"unset-value@^1.0.0":
  "version" "1.0.0"
  dependencies:
    "has-value" "^0.3.1"
    "isobject" "^3.0.0"

"unzip-response@^1.0.2":
  "version" "1.0.2"

"upath@^1.1.1":
  "version" "1.2.0"

"urix@^0.1.0":
  "version" "0.1.0"

"url-parse-lax@^1.0.0":
  "version" "1.0.0"
  dependencies:
    "prepend-http" "^1.0.1"

"url-parse-lax@^3.0.0":
  "version" "3.0.0"
  dependencies:
    "prepend-http" "^2.0.0"

"use@^3.1.0":
  "version" "3.1.1"

"util-deprecate@~1.0.1":
  "version" "1.0.2"

"utils-merge@1.0.1":
  "version" "1.0.1"

"v8-compile-cache-lib@^3.0.0":
  "version" "3.0.0"

"validate-npm-package-license@^3.0.1":
  "version" "3.0.4"
  dependencies:
    "spdx-correct" "^3.0.0"
    "spdx-expression-parse" "^3.0.0"

"vscode-oniguruma@^1.6.1":
  "version" "1.6.1"

"vscode-textmate@5.2.0":
  "version" "5.2.0"

"web-streams-polyfill@^3.0.3", "web-streams-polyfill@^3.1.1":
  "version" "3.2.0"

"which-module@^2.0.0":
  "version" "2.0.0"

"which@^1.2.9", "which@1.3.1":
  "version" "1.3.1"
  dependencies:
    "isexe" "^2.0.0"

"wide-align@1.1.3":
  "version" "1.1.3"
  dependencies:
    "string-width" "^1.0.2 || 2"

"wordwrap@^1.0.0":
  "version" "1.0.0"

"wrap-ansi@^5.1.0":
  "version" "5.1.0"
  dependencies:
    "ansi-styles" "^3.2.0"
    "string-width" "^3.0.0"
    "strip-ansi" "^5.0.0"

"wrappy@1":
  "version" "1.0.2"

"ws@^6.2.1":
  "version" "6.2.2"
  dependencies:
    "async-limiter" "~1.0.0"

"xmlbuilder@^9.0.7":
  "version" "9.0.7"

"y18n@^4.0.0":
  "version" "4.0.0"

"yargs-parser@^13.1.1":
  "version" "13.1.1"
  dependencies:
    "camelcase" "^5.0.0"
    "decamelize" "^1.2.0"

"yargs-parser@^13.1.2", "yargs-parser@13.1.2":
  "version" "13.1.2"
  dependencies:
    "camelcase" "^5.0.0"
    "decamelize" "^1.2.0"

"yargs-parser@^18.1.3":
  "version" "18.1.3"
  dependencies:
    "camelcase" "^5.0.0"
    "decamelize" "^1.2.0"

"yargs-unparser@1.6.0":
  "version" "1.6.0"
  dependencies:
    "flat" "^4.1.0"
    "lodash" "^4.17.15"
    "yargs" "^13.3.0"

"yargs@^13.3.0":
  "version" "13.3.0"
  dependencies:
    "cliui" "^5.0.0"
    "find-up" "^3.0.0"
    "get-caller-file" "^2.0.1"
    "require-directory" "^2.1.1"
    "require-main-filename" "^2.0.0"
    "set-blocking" "^2.0.0"
    "string-width" "^3.0.0"
    "which-module" "^2.0.0"
    "y18n" "^4.0.0"
    "yargs-parser" "^13.1.1"

"yargs@13.3.2":
  "version" "13.3.2"
  dependencies:
    "cliui" "^5.0.0"
    "find-up" "^3.0.0"
    "get-caller-file" "^2.0.1"
    "require-directory" "^2.1.1"
    "require-main-filename" "^2.0.0"
    "set-blocking" "^2.0.0"
    "string-width" "^3.0.0"
    "which-module" "^2.0.0"
    "y18n" "^4.0.0"
    "yargs-parser" "^13.1.2"

"yn@3.1.1":
  "version" "3.1.1"
